
Microsoft Visual Studio Solution File, Format Version 12.00
# Visual Studio Version 17
VisualStudioVersion = 17.3.32804.467
MinimumVisualStudioVersion = 10.0.40219.1
Project("{9A19103F-16F7-4668-BE54-9A1E7A4F7556}") = "day02", "day02.csproj", "{6ED2CAA3-FF66-4077-9A73-FAF85D2203E5}"
EndProject
Project("{FAE04EC0-301F-11D3-BF4B-00C04F79EFBC}") = "Day2_LogicTestArray", "..\Day2_LogicTestArray\Day2_LogicTestArray.csproj", "{3DC62D75-6F30-4FE9-80B3-883209EDB0A9}"
EndProject
Project("{FAE04EC0-301F-11D3-BF4B-00C04F79EFBC}") = "Day3", "..\Day3\Day3.csproj", "{1AB45EAB-F466-42F1-9025-F5EE2D880A4F}"
EndProject
Global
	GlobalSection(SolutionConfigurationPlatforms) = preSolution
		Debug|Any CPU = Debug|Any CPU
		Release|Any CPU = Release|Any CPU
	EndGlobalSection
	GlobalSection(ProjectConfigurationPlatforms) = postSolution
		{6ED2CAA3-FF66-4077-9A73-FAF85D2203E5}.Debug|Any CPU.ActiveCfg = Debug|Any CPU
		{6ED2CAA3-FF66-4077-9A73-FAF85D2203E5}.Debug|Any CPU.Build.0 = Debug|Any CPU
		{6ED2CAA3-FF66-4077-9A73-FAF85D2203E5}.Release|Any CPU.ActiveCfg = Release|Any CPU
		{6ED2CAA3-FF66-4077-9A73-FAF85D2203E5}.Release|Any CPU.Build.0 = Release|Any CPU
		{3DC62D75-6F30-4FE9-80B3-883209EDB0A9}.Debug|Any CPU.ActiveCfg = Debug|Any CPU
		{3DC62D75-6F30-4FE9-80B3-883209EDB0A9}.Debug|Any CPU.Build.0 = Debug|Any CPU
		{3DC62D75-6F30-4FE9-80B3-883209EDB0A9}.Release|Any CPU.ActiveCfg = Release|Any CPU
		{3DC62D75-6F30-4FE9-80B3-883209EDB0A9}.Release|Any CPU.Build.0 = Release|Any CPU
		{1AB45EAB-F466-42F1-9025-F5EE2D880A4F}.Debug|Any CPU.ActiveCfg = Debug|Any CPU
		{1AB45EAB-F466-42F1-9025-F5EE2D880A4F}.Debug|Any CPU.Build.0 = Debug|Any CPU
		{1AB45EAB-F466-42F1-9025-F5EE2D880A4F}.Release|Any CPU.ActiveCfg = Release|Any CPU
		{1AB45EAB-F466-42F1-9025-F5EE2D880A4F}.Release|Any CPU.Build.0 = Release|Any CPU
	EndGlobalSection
	GlobalSection(SolutionProperties) = preSolution
		HideSolutionNode = FALSE
	EndGlobalSection
	GlobalSection(ExtensibilityGlobals) = postSolution
		SolutionGuid = {F242DA2F-D77A-436E-819A-8A8B362C0461}
	EndGlobalSection
EndGlobal
